
Microsoft Visual Studio Solution File, Format Version 12.00
# Visual Studio 2013
VisualStudioVersion = 12.0.21005.1
MinimumVisualStudioVersion = 10.0.40219.1
Project("{8BC9CEB8-8B4A-11D0-8D11-00A0C91BC942}") = "game2", "game2\game2.vcxproj", "{ABA70B1C-C74D-43F4-9BF9-CC5F101FF3FF}"
EndProject
Global
	GlobalSection(SolutionConfigurationPlatforms) = preSolution
		Debug|Win32 = Debug|Win32
		Release|Win32 = Release|Win32
	EndGlobalSection
	GlobalSection(ProjectConfigurationPlatforms) = postSolution
		{ABA70B1C-C74D-43F4-9BF9-CC5F101FF3FF}.Debug|Win32.ActiveCfg = Debug|Win32
		{ABA70B1C-C74D-43F4-9BF9-CC5F101FF3FF}.Debug|Win32.Build.0 = Debug|Win32
		{ABA70B1C-C74D-43F4-9BF9-CC5F101FF3FF}.Release|Win32.ActiveCfg = Release|Win32
		{ABA70B1C-C74D-43F4-9BF9-CC5F101FF3FF}.Release|Win32.Build.0 = Release|Win32
	EndGlobalSection
	GlobalSection(SolutionProperties) = preSolution
		HideSolutionNode = FALSE
	EndGlobalSection
EndGlobal
